
Microsoft Visual Studio Solution File, Format Version 12.00
# Visual Studio Version 17
VisualStudioVersion = 17.9.34728.123
MinimumVisualStudioVersion = 10.0.40219.1
Project("{9A19103F-16F7-4668-BE54-9A1E7A4F7556}") = "ArrayBasic", "ArrayBasic\ArrayBasic.csproj", "{5A9D112B-D346-42E8-876A-273FB380587D}"
EndProject
Project("{9A19103F-16F7-4668-BE54-9A1E7A4F7556}") = "ArrayStudent", "ArrayStudent\ArrayStudent.csproj", "{B7D0C62F-40E3-42C5-924F-705AC6D9A1AC}"
EndProject
Project("{9A19103F-16F7-4668-BE54-9A1E7A4F7556}") = "StudentManager", "StudentManager\StudentManager.csproj", "{2EFD0760-D1DD-4194-BD79-7EE9B7A16CE8}"
EndProject
Project("{FAE04EC0-301F-11D3-BF4B-00C04F79EFBC}") = "StudentManagementHomework", "StudentManagementHomework\StudentManagementHomework.csproj", "{4EA4F905-6DF5-4A27-B4F8-BF45ABC7D26D}"
EndProject
Global
	GlobalSection(SolutionConfigurationPlatforms) = preSolution
		Debug|Any CPU = Debug|Any CPU
		Release|Any CPU = Release|Any CPU
	EndGlobalSection
	GlobalSection(ProjectConfigurationPlatforms) = postSolution
		{5A9D112B-D346-42E8-876A-273FB380587D}.Debug|Any CPU.ActiveCfg = Debug|Any CPU
		{5A9D112B-D346-42E8-876A-273FB380587D}.Debug|Any CPU.Build.0 = Debug|Any CPU
		{5A9D112B-D346-42E8-876A-273FB380587D}.Release|Any CPU.ActiveCfg = Release|Any CPU
		{5A9D112B-D346-42E8-876A-273FB380587D}.Release|Any CPU.Build.0 = Release|Any CPU
		{B7D0C62F-40E3-42C5-924F-705AC6D9A1AC}.Debug|Any CPU.ActiveCfg = Debug|Any CPU
		{B7D0C62F-40E3-42C5-924F-705AC6D9A1AC}.Debug|Any CPU.Build.0 = Debug|Any CPU
		{B7D0C62F-40E3-42C5-924F-705AC6D9A1AC}.Release|Any CPU.ActiveCfg = Release|Any CPU
		{B7D0C62F-40E3-42C5-924F-705AC6D9A1AC}.Release|Any CPU.Build.0 = Release|Any CPU
		{2EFD0760-D1DD-4194-BD79-7EE9B7A16CE8}.Debug|Any CPU.ActiveCfg = Debug|Any CPU
		{2EFD0760-D1DD-4194-BD79-7EE9B7A16CE8}.Debug|Any CPU.Build.0 = Debug|Any CPU
		{2EFD0760-D1DD-4194-BD79-7EE9B7A16CE8}.Release|Any CPU.ActiveCfg = Release|Any CPU
		{2EFD0760-D1DD-4194-BD79-7EE9B7A16CE8}.Release|Any CPU.Build.0 = Release|Any CPU
		{4EA4F905-6DF5-4A27-B4F8-BF45ABC7D26D}.Debug|Any CPU.ActiveCfg = Debug|Any CPU
		{4EA4F905-6DF5-4A27-B4F8-BF45ABC7D26D}.Debug|Any CPU.Build.0 = Debug|Any CPU
		{4EA4F905-6DF5-4A27-B4F8-BF45ABC7D26D}.Release|Any CPU.ActiveCfg = Release|Any CPU
		{4EA4F905-6DF5-4A27-B4F8-BF45ABC7D26D}.Release|Any CPU.Build.0 = Release|Any CPU
	EndGlobalSection
	GlobalSection(SolutionProperties) = preSolution
		HideSolutionNode = FALSE
	EndGlobalSection
	GlobalSection(ExtensibilityGlobals) = postSolution
		SolutionGuid = {08E03D21-507B-4D99-A16B-027404633EA4}
	EndGlobalSection
EndGlobal
